# THIS IS AN AUTOGENERATED FILE. DO NOT EDIT THIS FILE DIRECTLY.
# yarn lockfile v1


"@types/node@*":
  version "17.0.17"
  resolved "https://domoreexp.pkgs.visualstudio.com/_packaging/npm-mirror/npm/registry/@types/node/-/node-17.0.17.tgz#a8ddf6e0c2341718d74ee3dc413a13a042c45a0c"
  integrity sha1-qN324MI0FxjXTuPcQToToELEWgw=

"@types/ws@^8.2.2":
  version "8.2.2"
  resolved "https://domoreexp.pkgs.visualstudio.com/_packaging/npm-mirror/npm/registry/@types/ws/-/ws-8.2.2.tgz#7c5be4decb19500ae6b3d563043cd407bf366c21"
  integrity sha1-fFvk3ssZUArms9VjBDzUB782bCE=
  dependencies:
    "@types/node" "*"

typescript@4.5.5:
  version "4.5.5"
  resolved "https://domoreexp.pkgs.visualstudio.com/_packaging/npm-mirror/npm/registry/typescript/-/typescript-4.5.5.tgz#d8c953832d28924a9e3d37c73d729c846c5896f3"
  integrity sha1-2MlTgy0okkqePTfHPXKchGxYlvM=

uuid@^8.3.2:
  version "8.3.2"
  resolved "https://domoreexp.pkgs.visualstudio.com/_packaging/npm-mirror/npm/registry/uuid/-/uuid-8.3.2.tgz#80d5b5ced271bb9af6c445f21a1a04c606cefbe2"
  integrity sha1-gNW1ztJxu5r2xEXyGhoExgbO++I=

ws@^8.4.2:
  version "8.4.2"
  resolved "https://domoreexp.pkgs.visualstudio.com/_packaging/npm-mirror/npm/registry/ws/-/ws-8.4.2.tgz#18e749868d8439f2268368829042894b6907aa0b"
  integrity sha1-GOdJho2EOfImg2iCkEKJS2kHqgs=
