# THIS IS AN AUTOGENERATED FILE. DO NOT EDIT THIS FILE DIRECTLY.
# yarn lockfile v1


"@types/node@^14.0.26":
  version "14.18.10"
  resolved "https://domoreexp.pkgs.visualstudio.com/_packaging/npm-mirror/npm/registry/@types/node/-/node-14.18.10.tgz#774f43868964f3cfe4ced1f5417fe15818a4eaea"
  integrity sha1-d09Dholk88/kztH1QX/hWBik6uo=

nats@^2.6.0:
  version "2.6.0"
  resolved "https://domoreexp.pkgs.visualstudio.com/_packaging/npm-mirror/npm/registry/nats/-/nats-2.6.0.tgz#1cbe9fb850be4269636a595d4b28e3b848a94af8"
  integrity sha1-HL6fuFC+QmljalldSyjjuEipSvg=
  dependencies:
    nkeys.js "^1.0.0-9"

nkeys.js@^1.0.0-9:
  version "1.0.0-9"
  resolved "https://domoreexp.pkgs.visualstudio.com/_packaging/npm-mirror/npm/registry/nkeys.js/-/nkeys.js-1.0.0-9.tgz#c804acb061a5c4a61e8667adbf15bfd2978285ad"
  integrity sha1-yASssGGlxKYehmetvxW/0peCha0=
  dependencies:
    "@types/node" "^14.0.26"
    tweetnacl "^1.0.3"

random-words@^1.1.2:
  version "1.1.2"
  resolved "https://domoreexp.pkgs.visualstudio.com/_packaging/npm-mirror/npm/registry/random-words/-/random-words-1.1.2.tgz#edd0aa531cafc9d1499cb06f7314ac93a9086496"
  integrity sha1-7dCqUxyvydFJnLBvcxSsk6kIZJY=

tweetnacl@^1.0.3:
  version "1.0.3"
  resolved "https://domoreexp.pkgs.visualstudio.com/_packaging/npm-mirror/npm/registry/tweetnacl/-/tweetnacl-1.0.3.tgz#ac0af71680458d8a6378d0d0d050ab1407d35596"
  integrity sha1-rAr3FoBFjYpjeNDQ0FCrFAfTVZY=

typescript@4.5.5:
  version "4.5.5"
  resolved "https://domoreexp.pkgs.visualstudio.com/_packaging/npm-mirror/npm/registry/typescript/-/typescript-4.5.5.tgz#d8c953832d28924a9e3d37c73d729c846c5896f3"
  integrity sha1-2MlTgy0okkqePTfHPXKchGxYlvM=
